{
  "requires": true,
  "lockfileVersion": 1,
  "dependencies": {
    "ngx-cookie-service": {
      "version": "11.0.2",
      "resolved": "https://registry.npmjs.org/ngx-cookie-service/-/ngx-cookie-service-11.0.2.tgz",
      "integrity": "sha512-nsjzdcjK+gNAweE/DDdnOyHo04jlxTeMXOL/oJNp8MHtOTvCXnOtIFYgq4Sb2JU6UXTovO9tHEMIf9TxjlsdgQ==",
      "requires": {
        "tslib": "^2.0.0"
      }
    },
    "tslib": {
      "version": "2.1.0",
      "resolved": "https://registry.npmjs.org/tslib/-/tslib-2.1.0.tgz",
      "integrity": "sha512-hcVC3wYEziELGGmEEXue7D75zbwIIVUMWAVbHItGPx0ziyXxrOMQx4rQEVEV45Ut/1IotuEvwqPopzIOkDMf0A=="
    }
  }
}
